
Microsoft Visual Studio Solution File, Format Version 12.00
# Visual Studio Version 17
VisualStudioVersion = 17.1.32421.90
MinimumVisualStudioVersion = 10.0.40219.1
Project("{9A19103F-16F7-4668-BE54-9A1E7A4F7556}") = "1", "LeetCode\1.csproj", "{0A7F578E-B1EB-45CC-8C0C-F1B765C640F1}"
EndProject
Project("{2150E333-8FDC-42A3-9474-1A3956D46DE8}") = "LeetCode", "LeetCode", "{CECD3D52-C6AC-43C4-9175-7118ACAC64C7}"
EndProject
Global
	GlobalSection(SolutionConfigurationPlatforms) = preSolution
		Debug|Any CPU = Debug|Any CPU
		Release|Any CPU = Release|Any CPU
	EndGlobalSection
	GlobalSection(ProjectConfigurationPlatforms) = postSolution
		{0A7F578E-B1EB-45CC-8C0C-F1B765C640F1}.Debug|Any CPU.ActiveCfg = Debug|Any CPU
		{0A7F578E-B1EB-45CC-8C0C-F1B765C640F1}.Debug|Any CPU.Build.0 = Debug|Any CPU
		{0A7F578E-B1EB-45CC-8C0C-F1B765C640F1}.Release|Any CPU.ActiveCfg = Release|Any CPU
		{0A7F578E-B1EB-45CC-8C0C-F1B765C640F1}.Release|Any CPU.Build.0 = Release|Any CPU
	EndGlobalSection
	GlobalSection(SolutionProperties) = preSolution
		HideSolutionNode = FALSE
	EndGlobalSection
	GlobalSection(ExtensibilityGlobals) = postSolution
		SolutionGuid = {730EBEAE-97BF-4539-9F9A-966AADB30C8B}
	EndGlobalSection
EndGlobal
